
Microsoft Visual Studio Solution File, Format Version 12.00
# Visual Studio Version 16
VisualStudioVersion = 16.0.33529.622
MinimumVisualStudioVersion = 10.0.40219.1
Project("{FAE04EC0-301F-11D3-BF4B-00C04F79EFBC}") = "ASPWebMVCwithAngular", "ASPWebMVCwithAngular\ASPWebMVCwithAngular.csproj", "{9799D608-B9E4-443A-B14B-E09AC232F526}"
EndProject
Global
	GlobalSection(SolutionConfigurationPlatforms) = preSolution
		Debug|Any CPU = Debug|Any CPU
		Release|Any CPU = Release|Any CPU
	EndGlobalSection
	GlobalSection(ProjectConfigurationPlatforms) = postSolution
		{9799D608-B9E4-443A-B14B-E09AC232F526}.Debug|Any CPU.ActiveCfg = Debug|Any CPU
		{9799D608-B9E4-443A-B14B-E09AC232F526}.Debug|Any CPU.Build.0 = Debug|Any CPU
		{9799D608-B9E4-443A-B14B-E09AC232F526}.Release|Any CPU.ActiveCfg = Release|Any CPU
		{9799D608-B9E4-443A-B14B-E09AC232F526}.Release|Any CPU.Build.0 = Release|Any CPU
	EndGlobalSection
	GlobalSection(SolutionProperties) = preSolution
		HideSolutionNode = FALSE
	EndGlobalSection
	GlobalSection(ExtensibilityGlobals) = postSolution
		SolutionGuid = {5EF1E72F-95ED-4B57-9EA7-D9D4E8215C15}
	EndGlobalSection
EndGlobal
